<?xml version="1.0" encoding="utf-8"?>
<Project ToolsVersion="4.0" xmlns="http://schemas.microsoft.com/developer/msbuild/2003">
  <ItemGroup>
    <Filter Include="Default">
      <UniqueIdentifier>{1f6355e0-3905-43a0-92c3-14e4ed5966ad}</UniqueIdentifier>
    </Filter>
    <Filter Include="01. Header">
      <UniqueIdentifier>{177e5eb3-27b2-4bed-8768-ce22f0f09c9c}</UniqueIdentifier>
    </Filter>
    <Filter Include="02. Engine">
      <UniqueIdentifier>{c80d91ac-f6c5-4120-9ac3-19761d8ee352}</UniqueIdentifier>
    </Filter>
    <Filter Include="03. Device">
      <UniqueIdentifier>{0cac013e-2c7b-444e-8fc2-859e10f1dcce}</UniqueIdentifier>
    </Filter>
    <Filter Include="Entity">
      <UniqueIdentifier>{83cabbf7-93fa-4208-a55f-b2ef7bb124da}</UniqueIdentifier>
    </Filter>
    <Filter Include="Module">
      <UniqueIdentifier>{040f4b30-6253-4a52-af6d-ede75125fb83}</UniqueIdentifier>
    </Filter>
    <Filter Include="ShaderCode">
      <UniqueIdentifier>{b3303013-98fb-422f-83c1-9f1c1a7dd6b9}</UniqueIdentifier>
    </Filter>
    <Filter Include="05. Level">
      <UniqueIdentifier>{2a19e9c3-4194-4e0c-9d03-ab1ac6be0eca}</UniqueIdentifier>
    </Filter>
    <Filter Include="04. Manager">
      <UniqueIdentifier>{771a91c5-52a2-4131-9a80-9b1451b93d67}</UniqueIdentifier>
    </Filter>
    <Filter Include="04. Manager\KeyMgr">
      <UniqueIdentifier>{8f882e3e-b00d-40c7-bfa6-60ef33304c98}</UniqueIdentifier>
    </Filter>
    <Filter Include="04. Manager\PathMgr">
      <UniqueIdentifier>{d4e19052-3d9d-43eb-86a8-0ca7a82a85e2}</UniqueIdentifier>
    </Filter>
    <Filter Include="04. Manager\TimeMgr">
      <UniqueIdentifier>{451f00f4-fd16-459b-a11b-2d68a9e5bd03}</UniqueIdentifier>
    </Filter>
    <Filter Include="06. Asset">
      <UniqueIdentifier>{cd47eb41-a1ad-4880-8aeb-5a8801b93f79}</UniqueIdentifier>
    </Filter>
    <Filter Include="06. Asset\Mesh">
      <UniqueIdentifier>{dbaca192-768b-4956-9aec-9a4fafaf876c}</UniqueIdentifier>
    </Filter>
    <Filter Include="06. Asset\Shader">
      <UniqueIdentifier>{4adb2dce-2e80-4b1b-9ae9-e27267833684}</UniqueIdentifier>
    </Filter>
    <Filter Include="06. Asset\Shader\ComputeShader">
      <UniqueIdentifier>{3b605785-281b-404f-a7f8-ad1974b1e197}</UniqueIdentifier>
    </Filter>
    <Filter Include="06. Asset\Shader\GraphicsShader">
      <UniqueIdentifier>{14b07099-0bf9-4c2d-a5c7-9c630fc834f6}</UniqueIdentifier>
    </Filter>
    <Filter Include="07. GameObject">
      <UniqueIdentifier>{2f469fd9-6e23-4316-b234-c03f9f1f571e}</UniqueIdentifier>
    </Filter>
    <Filter Include="08. Component">
      <UniqueIdentifier>{e1189006-a3db-4274-b550-b6beefb3235b}</UniqueIdentifier>
    </Filter>
    <Filter Include="08. Component\01. Transform">
      <UniqueIdentifier>{385a0d3f-7200-4250-9176-e770bf37d041}</UniqueIdentifier>
    </Filter>
    <Filter Include="08. Component\02. Collider2D">
      <UniqueIdentifier>{ec97c9cf-e21a-4c13-a650-822753600e33}</UniqueIdentifier>
    </Filter>
    <Filter Include="08. Component\04. Animator2D">
      <UniqueIdentifier>{3d0af217-654b-4e62-b61e-f7f025337a46}</UniqueIdentifier>
    </Filter>
    <Filter Include="08. Component\06. Light2D">
      <UniqueIdentifier>{1bb04d12-8d42-4b66-819a-b3cc4f03d02b}</UniqueIdentifier>
    </Filter>
    <Filter Include="08. Component\08. Camera">
      <UniqueIdentifier>{e382d925-d4bf-4e55-8608-73a88b8e7a7e}</UniqueIdentifier>
    </Filter>
    <Filter Include="03. Device\ConstBuffer">
      <UniqueIdentifier>{a621c5b7-baca-409e-9e16-5d890374b451}</UniqueIdentifier>
    </Filter>
    <Filter Include="08. Component\RenderComponent">
      <UniqueIdentifier>{0fd951cb-d17a-4f44-a140-706468d85db1}</UniqueIdentifier>
    </Filter>
    <Filter Include="08. Component\RenderComponent\01. MeshRender">
      <UniqueIdentifier>{dede6188-124e-49c6-a0ad-0e00a58fbf21}</UniqueIdentifier>
    </Filter>
    <Filter Include="08. Component\RenderComponent\02. TileMap">
      <UniqueIdentifier>{b7c9016e-f535-4e29-90eb-59fb1f8a5056}</UniqueIdentifier>
    </Filter>
    <Filter Include="08. Component\RenderComponent\03. ParticleSystem">
      <UniqueIdentifier>{9e5bc04c-a184-422c-8cc1-52c171275ef0}</UniqueIdentifier>
    </Filter>
    <Filter Include="08. Component\Script">
      <UniqueIdentifier>{b2fe1902-2ac5-4894-9196-be1f9cfe37b4}</UniqueIdentifier>
    </Filter>
    <Filter Include="Scripts">
      <UniqueIdentifier>{fe48593b-a12b-4b1c-84e8-ac49962e5e7b}</UniqueIdentifier>
    </Filter>
    <Filter Include="04. Manager\AssetMgr">
      <UniqueIdentifier>{61d9d9e3-7a77-440d-a3c5-5dc87d3653a5}</UniqueIdentifier>
    </Filter>
    <Filter Include="04. Manager\LevelMgr">
      <UniqueIdentifier>{8ae47f60-6a65-44a0-a39c-954d821190db}</UniqueIdentifier>
    </Filter>
    <Filter Include="06. Asset\Material">
      <UniqueIdentifier>{062da37a-e6ab-49c9-907c-749055ad1c60}</UniqueIdentifier>
    </Filter>
    <Filter Include="06. Asset\MeshData">
      <UniqueIdentifier>{97a07861-fff0-44db-a8ce-488d7c6a6ebd}</UniqueIdentifier>
    </Filter>
    <Filter Include="06. Asset\Texture">
      <UniqueIdentifier>{845e0f01-dbca-4407-9841-5d42fbf26e79}</UniqueIdentifier>
    </Filter>
    <Filter Include="06. Asset\Sound">
      <UniqueIdentifier>{ce207cc7-b6bb-4294-84ba-82b8e5ca82e1}</UniqueIdentifier>
    </Filter>
    <Filter Include="04. Manager\TaskMgr">
      <UniqueIdentifier>{ae9acf56-f0dc-4f55-8234-c7ea14e325e0}</UniqueIdentifier>
    </Filter>
    <Filter Include="04. Manager\CGC">
      <UniqueIdentifier>{a4ae5bd3-27b4-44d5-aecc-cd15b81fc1ed}</UniqueIdentifier>
    </Filter>
    <Filter Include="04. Manager\RenderMgr">
      <UniqueIdentifier>{0e48bbda-e5fe-4bb1-ade6-137522313098}</UniqueIdentifier>
    </Filter>
    <Filter Include="04. Manager\CollisionMgr">
      <UniqueIdentifier>{6cee6f20-d01e-4704-bf9b-786accecc238}</UniqueIdentifier>
    </Filter>
  </ItemGroup>
  <ItemGroup>
    <ClInclude Include="framework.h">
      <Filter>Default</Filter>
    </ClInclude>
    <ClInclude Include="pch.h">
      <Filter>Default</Filter>
    </ClInclude>
    <ClInclude Include="CEngine.h">
      <Filter>02. Engine</Filter>
    </ClInclude>
    <ClInclude Include="singleton.h">
      <Filter>01. Header</Filter>
    </ClInclude>
    <ClInclude Include="define.h">
      <Filter>01. Header</Filter>
    </ClInclude>
    <ClInclude Include="global.h">
      <Filter>01. Header</Filter>
    </ClInclude>
    <ClInclude Include="struct.h">
      <Filter>01. Header</Filter>
    </ClInclude>
    <ClInclude Include="CDevice.h">
      <Filter>03. Device</Filter>
    </ClInclude>
    <ClInclude Include="CEntity.h">
      <Filter>Entity</Filter>
    </ClInclude>
    <ClInclude Include="CLevel.h">
      <Filter>05. Level</Filter>
    </ClInclude>
    <ClInclude Include="SimpleMath.h">
      <Filter>Module</Filter>
    </ClInclude>
    <ClInclude Include="CTimeMgr.h">
      <Filter>04. Manager\TimeMgr</Filter>
    </ClInclude>
    <ClInclude Include="CPathMgr.h">
      <Filter>04. Manager\PathMgr</Filter>
    </ClInclude>
    <ClInclude Include="CKeyMgr.h">
      <Filter>04. Manager\KeyMgr</Filter>
    </ClInclude>
    <ClInclude Include="CAsset.h">
      <Filter>06. Asset</Filter>
    </ClInclude>
    <ClInclude Include="CMesh.h">
      <Filter>06. Asset\Mesh</Filter>
    </ClInclude>
    <ClInclude Include="CShader.h">
      <Filter>06. Asset\Shader</Filter>
    </ClInclude>
    <ClInclude Include="CGraphicsShader.h">
      <Filter>06. Asset\Shader\GraphicsShader</Filter>
    </ClInclude>
    <ClInclude Include="CGameObject.h">
      <Filter>07. GameObject</Filter>
    </ClInclude>
    <ClInclude Include="CComponent.h">
      <Filter>08. Component</Filter>
    </ClInclude>
    <ClInclude Include="CTransform.h">
      <Filter>08. Component\01. Transform</Filter>
    </ClInclude>
    <ClInclude Include="CConstBuffer.h">
      <Filter>03. Device\ConstBuffer</Filter>
    </ClInclude>
    <ClInclude Include="func.h">
      <Filter>01. Header</Filter>
    </ClInclude>
    <ClInclude Include="CRenderComponent.h">
      <Filter>08. Component\RenderComponent</Filter>
    </ClInclude>
    <ClInclude Include="CMeshRender.h">
      <Filter>08. Component\RenderComponent\01. MeshRender</Filter>
    </ClInclude>
    <ClInclude Include="CScript.h">
      <Filter>08. Component\Script</Filter>
    </ClInclude>
    <ClInclude Include="components.h">
      <Filter>01. Header</Filter>
    </ClInclude>
    <ClInclude Include="CPlayerScript.h">
      <Filter>Scripts</Filter>
    </ClInclude>
    <ClInclude Include="CAssetMgr.h">
      <Filter>04. Manager\AssetMgr</Filter>
    </ClInclude>
    <ClInclude Include="CLevelMgr.h">
      <Filter>04. Manager\LevelMgr</Filter>
    </ClInclude>
    <ClInclude Include="CLayer.h">
      <Filter>05. Level</Filter>
    </ClInclude>
    <ClInclude Include="CCamera.h">
      <Filter>08. Component\08. Camera</Filter>
    </ClInclude>
    <ClInclude Include="CCameraMoveScript.h">
      <Filter>Scripts</Filter>
    </ClInclude>
    <ClInclude Include="CTexture.h">
      <Filter>06. Asset\Texture</Filter>
    </ClInclude>
    <ClInclude Include="CTaskMgr.h">
      <Filter>04. Manager\TaskMgr</Filter>
    </ClInclude>
    <ClInclude Include="CMissileScript.h">
      <Filter>Scripts</Filter>
    </ClInclude>
    <ClInclude Include="CGC.h">
      <Filter>04. Manager\CGC</Filter>
    </ClInclude>
    <ClInclude Include="CMaterial.h">
      <Filter>06. Asset\Material</Filter>
    </ClInclude>
    <ClInclude Include="Ptr.h">
      <Filter>06. Asset</Filter>
    </ClInclude>
    <ClInclude Include="CRenderMgr.h">
      <Filter>04. Manager\RenderMgr</Filter>
    </ClInclude>
    <ClInclude Include="CCollider2D.h">
      <Filter>08. Component\02. Collider2D</Filter>
    </ClInclude>
    <ClInclude Include="CCollisionMgr.h" />
  </ItemGroup>
  <ItemGroup>
    <ClCompile Include="Engine.cpp">
      <Filter>Default</Filter>
    </ClCompile>
    <ClCompile Include="pch.cpp">
      <Filter>Default</Filter>
    </ClCompile>
    <ClCompile Include="CEngine.cpp">
      <Filter>02. Engine</Filter>
    </ClCompile>
    <ClCompile Include="CDevice.cpp">
      <Filter>03. Device</Filter>
    </ClCompile>
    <ClCompile Include="CEntity.cpp">
      <Filter>Entity</Filter>
    </ClCompile>
    <ClCompile Include="CLevel.cpp">
      <Filter>05. Level</Filter>
    </ClCompile>
    <ClCompile Include="CTimeMgr.cpp">
      <Filter>04. Manager\TimeMgr</Filter>
    </ClCompile>
    <ClCompile Include="CPathMgr.cpp">
      <Filter>04. Manager\PathMgr</Filter>
    </ClCompile>
    <ClCompile Include="CKeyMgr.cpp">
      <Filter>04. Manager\KeyMgr</Filter>
    </ClCompile>
    <ClCompile Include="CAsset.cpp">
      <Filter>06. Asset</Filter>
    </ClCompile>
    <ClCompile Include="CMesh.cpp">
      <Filter>06. Asset\Mesh</Filter>
    </ClCompile>
    <ClCompile Include="CShader.cpp">
      <Filter>06. Asset\Shader</Filter>
    </ClCompile>
    <ClCompile Include="CGraphicsShader.cpp">
      <Filter>06. Asset\Shader\GraphicsShader</Filter>
    </ClCompile>
    <ClCompile Include="CGameObject.cpp">
      <Filter>07. GameObject</Filter>
    </ClCompile>
    <ClCompile Include="CComponent.cpp">
      <Filter>08. Component</Filter>
    </ClCompile>
    <ClCompile Include="CTransform.cpp">
      <Filter>08. Component\01. Transform</Filter>
    </ClCompile>
    <ClCompile Include="CConstBuffer.cpp">
      <Filter>03. Device\ConstBuffer</Filter>
    </ClCompile>
    <ClCompile Include="CRenderComponent.cpp">
      <Filter>08. Component\RenderComponent</Filter>
    </ClCompile>
    <ClCompile Include="CMeshRender.cpp">
      <Filter>08. Component\RenderComponent\01. MeshRender</Filter>
    </ClCompile>
    <ClCompile Include="CScript.cpp">
      <Filter>08. Component\Script</Filter>
    </ClCompile>
    <ClCompile Include="CPlayerScript.cpp">
      <Filter>Scripts</Filter>
    </ClCompile>
    <ClCompile Include="CAssetMgr.cpp">
      <Filter>04. Manager\AssetMgr</Filter>
    </ClCompile>
    <ClCompile Include="CLevelMgr.cpp">
      <Filter>04. Manager\LevelMgr</Filter>
    </ClCompile>
    <ClCompile Include="CLayer.cpp">
      <Filter>05. Level</Filter>
    </ClCompile>
    <ClCompile Include="CCamera.cpp">
      <Filter>08. Component\08. Camera</Filter>
    </ClCompile>
    <ClCompile Include="extern.cpp">
      <Filter>01. Header</Filter>
    </ClCompile>
    <ClCompile Include="CCameraMoveScript.cpp">
      <Filter>Scripts</Filter>
    </ClCompile>
    <ClCompile Include="CTexture.cpp">
      <Filter>06. Asset\Texture</Filter>
    </ClCompile>
    <ClCompile Include="CTaskMgr.cpp">
      <Filter>04. Manager\TaskMgr</Filter>
    </ClCompile>
    <ClCompile Include="func.cpp">
      <Filter>01. Header</Filter>
    </ClCompile>
    <ClCompile Include="CMissileScript.cpp">
      <Filter>Scripts</Filter>
    </ClCompile>
    <ClCompile Include="CGC.cpp">
      <Filter>04. Manager\CGC</Filter>
    </ClCompile>
    <ClCompile Include="CMaterial.cpp">
      <Filter>06. Asset\Material</Filter>
    </ClCompile>
    <ClCompile Include="CRenderMgr_Init.cpp">
      <Filter>04. Manager\RenderMgr</Filter>
    </ClCompile>
    <ClCompile Include="CRenderMgr.cpp">
      <Filter>04. Manager\RenderMgr</Filter>
    </ClCompile>
    <ClCompile Include="CCollider2D.cpp">
      <Filter>08. Component\02. Collider2D</Filter>
    </ClCompile>
    <ClCompile Include="CCollisionMgr.cpp" />
  </ItemGroup>
  <ItemGroup>
    <None Include="SimpleMath.inl">
      <Filter>Module</Filter>
    </None>
  </ItemGroup>
  <ItemGroup>
    <FxCompile Include="std2d.fx">
      <Filter>ShaderCode</Filter>
    </FxCompile>
    <FxCompile Include="value.fx">
      <Filter>ShaderCode</Filter>
    </FxCompile>
    <FxCompile Include="debug.fx">
      <Filter>ShaderCode</Filter>
    </FxCompile>
  </ItemGroup>
</Project>